// !$*UTF8*$!
{
	archiveVersion = 1;
	classes = {
	};
	objectVersion = 46;
	objects = {

/* Begin PBXBuildFile section */
		C409AB1B1B5B0F2800EEF6D2 /* AppDelegate.swift in Sources */ = {isa = PBXBuildFile; fileRef = C409AB1A1B5B0F2800EEF6D2 /* AppDelegate.swift */; };
		C409AB201B5B0F2800EEF6D2 /* Main.storyboard in Resources */ = {isa = PBXBuildFile; fileRef = C409AB1E1B5B0F2800EEF6D2 /* Main.storyboard */; };
		C409AB221B5B0F2800EEF6D2 /* Images.xcassets in Resources */ = {isa = PBXBuildFile; fileRef = C409AB211B5B0F2800EEF6D2 /* Images.xcassets */; };
		C409AB251B5B0F2800EEF6D2 /* LaunchScreen.xib in Resources */ = {isa = PBXBuildFile; fileRef = C409AB231B5B0F2800EEF6D2 /* LaunchScreen.xib */; };
		C409AB311B5B0F2800EEF6D2 /* Rock_BottomTests.swift in Sources */ = {isa = PBXBuildFile; fileRef = C409AB301B5B0F2800EEF6D2 /* Rock_BottomTests.swift */; };
/* End PBXBuildFile section */

/* Begin PBXContainerItemProxy section */
		C409AB2B1B5B0F2800EEF6D2 /* PBXContainerItemProxy */ = {
			isa = PBXContainerItemProxy;
			containerPortal = C409AB0D1B5B0F2800EEF6D2 /* Project object */;
			proxyType = 1;
			remoteGlobalIDString = C409AB141B5B0F2800EEF6D2;
			remoteInfo = "Rock Bottom";
		};
/* End PBXContainerItemProxy section */

/* Begin PBXFileReference section */
		C409AB151B5B0F2800EEF6D2 /* Rock Bottom.app */ = {isa = PBXFileReference; explicitFileType = wrapper.application; includeInIndex = 0; path = "Rock Bottom.app"; sourceTree = BUILT_PRODUCTS_DIR; };
		C409AB191B5B0F2800EEF6D2 /* Info.plist */ = {isa = PBXFileReference; lastKnownFileType = text.plist.xml; path = Info.plist; sourceTree = "<group>"; };
		C409AB1A1B5B0F2800EEF6D2 /* AppDelegate.swift */ = {isa = PBXFileReference; lastKnownFileType = sourcecode.swift; path = AppDelegate.swift; sourceTree = "<group>"; };
		C409AB1F1B5B0F2800EEF6D2 /* Base */ = {isa = PBXFileReference; lastKnownFileType = file.storyboard; name = Base; path = Base.lproj/Main.storyboard; sourceTree = "<group>"; };
		C409AB211B5B0F2800EEF6D2 /* Images.xcassets */ = {isa = PBXFileReference; lastKnownFileType = folder.assetcatalog; path = Images.xcassets; sourceTree = "<group>"; };
		C409AB241B5B0F2800EEF6D2 /* Base */ = {isa = PBXFileReference; lastKnownFileType = file.xib; name = Base; path = Base.lproj/LaunchScreen.xib; sourceTree = "<group>"; };
		C409AB2A1B5B0F2800EEF6D2 /* Rock BottomTests.xctest */ = {isa = PBXFileReference; explicitFileType = wrapper.cfbundle; includeInIndex = 0; path = "Rock BottomTests.xctest"; sourceTree = BUILT_PRODUCTS_DIR; };
		C409AB2F1B5B0F2800EEF6D2 /* Info.plist */ = {isa = PBXFileReference; lastKnownFileType = text.plist.xml; path = Info.plist; sourceTree = "<group>"; };
		C409AB301B5B0F2800EEF6D2 /* Rock_BottomTests.swift */ = {isa = PBXFileReference; lastKnownFileType = sourcecode.swift; path = Rock_BottomTests.swift; sourceTree = "<group>"; };
/* End PBXFileReference section */

/* Begin PBXFrameworksBuildPhase section */
		C409AB121B5B0F2800EEF6D2 /* Frameworks */ = {
			isa = PBXFrameworksBuildPhase;
			buildActionMask = 2147483647;
			files = (
			);
			runOnlyForDeploymentPostprocessing = 0;
		};
		C409AB271B5B0F2800EEF6D2 /* Frameworks */ = {
			isa = PBXFrameworksBuildPhase;
			buildActionMask = 2147483647;
			files = (
			);
			runOnlyForDeploymentPostprocessing = 0;
		};
/* End PBXFrameworksBuildPhase section */

/* Begin PBXGroup section */
		C409AB0C1B5B0F2800EEF6D2 = {
			isa = PBXGroup;
			children = (
				C409AB171B5B0F2800EEF6D2 /* Rock Bottom */,
				C409AB2D1B5B0F2800EEF6D2 /* Rock BottomTests */,
				C409AB161B5B0F2800EEF6D2 /* Products */,
			);
			sourceTree = "<group>";
		};
		C409AB161B5B0F2800EEF6D2 /* Products */ = {
			isa = PBXGroup;
			children = (
				C409AB151B5B0F2800EEF6D2 /* Rock Bottom.app */,
				C409AB2A1B5B0F2800EEF6D2 /* Rock BottomTests.xctest */,
			);
			name = Products;
			sourceTree = "<group>";
		};
		C409AB171B5B0F2800EEF6D2 /* Rock Bottom */ = {
			isa = PBXGroup;
			children = (
				C409AB3A1B5B15F000EEF6D2 /* Models */,
				C409AB3B1B5B15F000EEF6D2 /* ViewControllers */,
				C409AB3C1B5B15F000EEF6D2 /* Views */,
				C409AB1A1B5B0F2800EEF6D2 /* AppDelegate.swift */,
				C409AB1E1B5B0F2800EEF6D2 /* Main.storyboard */,
				C409AB211B5B0F2800EEF6D2 /* Images.xcassets */,
				C409AB231B5B0F2800EEF6D2 /* LaunchScreen.xib */,
				C409AB181B5B0F2800EEF6D2 /* Supporting Files */,
			);
			path = "Rock Bottom";
			sourceTree = "<group>";
		};
		C409AB181B5B0F2800EEF6D2 /* Supporting Files */ = {
			isa = PBXGroup;
			children = (
				C409AB191B5B0F2800EEF6D2 /* Info.plist */,
			);
			name = "Supporting Files";
			sourceTree = "<group>";
		};
		C409AB2D1B5B0F2800EEF6D2 /* Rock BottomTests */ = {
			isa = PBXGroup;
			children = (
				C409AB301B5B0F2800EEF6D2 /* Rock_BottomTests.swift */,
				C409AB2E1B5B0F2800EEF6D2 /* Supporting Files */,
			);
			path = "Rock BottomTests";
			sourceTree = "<group>";
		};
		C409AB2E1B5B0F2800EEF6D2 /* Supporting Files */ = {
			isa = PBXGroup;
			children = (
				C409AB2F1B5B0F2800EEF6D2 /* Info.plist */,
			);
			name = "Supporting Files";
			sourceTree = "<group>";
		};
		C409AB3A1B5B15F000EEF6D2 /* Models */ = {
			isa = PBXGroup;
			children = (
			);
			path = Models;
			sourceTree = "<group>";
		};
		C409AB3B1B5B15F000EEF6D2 /* ViewControllers */ = {
			isa = PBXGroup;
			children = (
			);
			path = ViewControllers;
			sourceTree = "<group>";
		};
		C409AB3C1B5B15F000EEF6D2 /* Views */ = {
			isa = PBXGroup;
			children = (
			);
			path = Views;
			sourceTree = "<group>";
		};
/* End PBXGroup section */

/* Begin PBXNativeTarget section */
		C409AB141B5B0F2800EEF6D2 /* Rock Bottom */ = {
			isa = PBXNativeTarget;
			buildConfigurationList = C409AB341B5B0F2800EEF6D2 /* Build configuration list for PBXNativeTarget "Rock Bottom" */;
			buildPhases = (
				C409AB111B5B0F2800EEF6D2 /* Sources */,
				C409AB121B5B0F2800EEF6D2 /* Frameworks */,
				C409AB131B5B0F2800EEF6D2 /* Resources */,
			);
			buildRules = (
			);
			dependencies = (
			);
			name = "Rock Bottom";
			productName = "Rock Bottom";
			productReference = C409AB151B5B0F2800EEF6D2 /* Rock Bottom.app */;
			productType = "com.apple.product-type.application";
		};
		C409AB291B5B0F2800EEF6D2 /* Rock BottomTests */ = {
			isa = PBXNativeTarget;
			buildConfigurationList = C409AB371B5B0F2800EEF6D2 /* Build configuration list for PBXNativeTarget "Rock BottomTests" */;
			buildPhases = (
				C409AB261B5B0F2800EEF6D2 /* Sources */,
				C409AB271B5B0F2800EEF6D2 /* Frameworks */,
				C409AB281B5B0F2800EEF6D2 /* Resources */,
			);
			buildRules = (
			);
			dependencies = (
				C409AB2C1B5B0F2800EEF6D2 /* PBXTargetDependency */,
			);
			name = "Rock BottomTests";
			productName = "Rock BottomTests";
			productReference = C409AB2A1B5B0F2800EEF6D2 /* Rock BottomTests.xctest */;
			productType = "com.apple.product-type.bundle.unit-test";
		};
/* End PBXNativeTarget section */

/* Begin PBXProject section */
		C409AB0D1B5B0F2800EEF6D2 /* Project object */ = {
			isa = PBXProject;
			attributes = {
				LastUpgradeCheck = 0640;
				ORGANIZATIONNAME = "Jerry Chen";
				TargetAttributes = {
					C409AB141B5B0F2800EEF6D2 = {
						CreatedOnToolsVersion = 6.4;
					};
					C409AB291B5B0F2800EEF6D2 = {
						CreatedOnToolsVersion = 6.4;
						TestTargetID = C409AB141B5B0F2800EEF6D2;
					};
				};
			};
			buildConfigurationList = C409AB101B5B0F2800EEF6D2 /* Build configuration list for PBXProject "Rock Bottom" */;
			compatibilityVersion = "Xcode 3.2";
			developmentRegion = English;
			hasScannedForEncodings = 0;
			knownRegions = (
				en,
				Base,
			);
			mainGroup = C409AB0C1B5B0F2800EEF6D2;
			productRefGroup = C409AB161B5B0F2800EEF6D2 /* Products */;
			projectDirPath = "";
			projectRoot = "";
			targets = (
				C409AB141B5B0F2800EEF6D2 /* Rock Bottom */,
				C409AB291B5B0F2800EEF6D2 /* Rock BottomTests */,
			);
		};
/* End PBXProject section */

/* Begin PBXResourcesBuildPhase section */
		C409AB131B5B0F2800EEF6D2 /* Resources */ = {
			isa = PBXResourcesBuildPhase;
			buildActionMask = 2147483647;
			files = (
				C409AB201B5B0F2800EEF6D2 /* Main.storyboard in Resources */,
				C409AB251B5B0F2800EEF6D2 /* LaunchScreen.xib in Resources */,
				C409AB221B5B0F2800EEF6D2 /* Images.xcassets in Resources */,
			);
			runOnlyForDeploymentPostprocessing = 0;
		};
		C409AB281B5B0F2800EEF6D2 /* Resources */ = {
			isa = PBXResourcesBuildPhase;
			buildActionMask = 2147483647;
			files = (
			);
			runOnlyForDeploymentPostprocessing = 0;
		};
/* End PBXResourcesBuildPhase section */

/* Begin PBXSourcesBuildPhase section */
		C409AB111B5B0F2800EEF6D2 /* Sources */ = {
			isa = PBXSourcesBuildPhase;
			buildActionMask = 2147483647;
			files = (
				C409AB1B1B5B0F2800EEF6D2 /* AppDelegate.swift in Sources */,
			);
			runOnlyForDeploymentPostprocessing = 0;
		};
		C409AB261B5B0F2800EEF6D2 /* Sources */ = {
			isa = PBXSourcesBuildPhase;
			buildActionMask = 2147483647;
			files = (
				C409AB311B5B0F2800EEF6D2 /* Rock_BottomTests.swift in Sources */,
			);
			runOnlyForDeploymentPostprocessing = 0;
		};
/* End PBXSourcesBuildPhase section */

/* Begin PBXTargetDependency section */
		C409AB2C1B5B0F2800EEF6D2 /* PBXTargetDependency */ = {
			isa = PBXTargetDependency;
			target = C409AB141B5B0F2800EEF6D2 /* Rock Bottom */;
			targetProxy = C409AB2B1B5B0F2800EEF6D2 /* PBXContainerItemProxy */;
		};
/* End PBXTargetDependency section */

/* Begin PBXVariantGroup section */
		C409AB1E1B5B0F2800EEF6D2 /* Main.storyboard */ = {
			isa = PBXVariantGroup;
			children = (
				C409AB1F1B5B0F2800EEF6D2 /* Base */,
			);
			name = Main.storyboard;
			sourceTree = "<group>";
		};
		C409AB231B5B0F2800EEF6D2 /* LaunchScreen.xib */ = {
			isa = PBXVariantGroup;
			children = (
				C409AB241B5B0F2800EEF6D2 /* Base */,
			);
			name = LaunchScreen.xib;
			sourceTree = "<group>";
		};
/* End PBXVariantGroup section */

/* Begin XCBuildConfiguration section */
		C409AB321B5B0F2800EEF6D2 /* Debug */ = {
			isa = XCBuildConfiguration;
			buildSettings = {
				ALWAYS_SEARCH_USER_PATHS = NO;
				CLANG_CXX_LANGUAGE_STANDARD = "gnu++0x";
				CLANG_CXX_LIBRARY = "libc++";
				CLANG_ENABLE_MODULES = YES;
				CLANG_ENABLE_OBJC_ARC = YES;
				CLANG_WARN_BOOL_CONVERSION = YES;
				CLANG_WARN_CONSTANT_CONVERSION = YES;
				CLANG_WARN_DIRECT_OBJC_ISA_USAGE = YES_ERROR;
				CLANG_WARN_EMPTY_BODY = YES;
				CLANG_WARN_ENUM_CONVERSION = YES;
				CLANG_WARN_INT_CONVERSION = YES;
				CLANG_WARN_OBJC_ROOT_CLASS = YES_ERROR;
				CLANG_WARN_UNREACHABLE_CODE = YES;
				CLANG_WARN__DUPLICATE_METHOD_MATCH = YES;
				"CODE_SIGN_IDENTITY[sdk=iphoneos*]" = "iPhone Developer";
				COPY_PHASE_STRIP = NO;
				DEBUG_INFORMATION_FORMAT = "dwarf-with-dsym";
				ENABLE_STRICT_OBJC_MSGSEND = YES;
				GCC_C_LANGUAGE_STANDARD = gnu99;
				GCC_DYNAMIC_NO_PIC = NO;
				GCC_NO_COMMON_BLOCKS = YES;
				GCC_OPTIMIZATION_LEVEL = 0;
				GCC_PREPROCESSOR_DEFINITIONS = (
					"DEBUG=1",
					"$(inherited)",
				);
				GCC_SYMBOLS_PRIVATE_EXTERN = NO;
				GCC_WARN_64_TO_32_BIT_CONVERSION = YES;
				GCC_WARN_ABOUT_RETURN_TYPE = YES_ERROR;
				GCC_WARN_UNDECLARED_SELECTOR = YES;
				GCC_WARN_UNINITIALIZED_AUTOS = YES_AGGRESSIVE;
				GCC_WARN_UNUSED_FUNCTION = YES;
				GCC_WARN_UNUSED_VARIABLE = YES;
				IPHONEOS_DEPLOYMENT_TARGET = 8.4;
				MTL_ENABLE_DEBUG_INFO = YES;
				ONLY_ACTIVE_ARCH = YES;
				SDKROOT = iphoneos;
				SWIFT_OPTIMIZATION_LEVEL = "-Onone";
				TARGETED_DEVICE_FAMILY = "1,2";
			};
			name = Debug;
		};
		C409AB331B5B0F2800EEF6D2 /* Release */ = {
			isa = XCBuildConfiguration;
			buildSettings = {
				ALWAYS_SEARCH_USER_PATHS = NO;
				CLANG_CXX_LANGUAGE_STANDARD = "gnu++0x";
				CLANG_CXX_LIBRARY = "libc++";
				CLANG_ENABLE_MODULES = YES;
				CLANG_ENABLE_OBJC_ARC = YES;
				CLANG_WARN_BOOL_CONVERSION = YES;
				CLANG_WARN_CONSTANT_CONVERSION = YES;
				CLANG_WARN_DIRECT_OBJC_ISA_USAGE = YES_ERROR;
				CLANG_WARN_EMPTY_BODY = YES;
				CLANG_WARN_ENUM_CONVERSION = YES;
				CLANG_WARN_INT_CONVERSION = YES;
				CLANG_WARN_OBJC_ROOT_CLASS = YES_ERROR;
				CLANG_WARN_UNREACHABLE_CODE = YES;
				CLANG_WARN__DUPLICATE_METHOD_MATCH = YES;
				"CODE_SIGN_IDENTITY[sdk=iphoneos*]" = "iPhone Developer";
				COPY_PHASE_STRIP = NO;
				DEBUG_INFORMATION_FORMAT = "dwarf-with-dsym";
				ENABLE_NS_ASSERTIONS = NO;
				ENABLE_STRICT_OBJC_MSGSEND = YES;
				GCC_C_LANGUAGE_STANDARD = gnu99;
				GCC_NO_COMMON_BLOCKS = YES;
				GCC_WARN_64_TO_32_BIT_CONVERSION = YES;
				GCC_WARN_ABOUT_RETURN_TYPE = YES_ERROR;
				GCC_WARN_UNDECLARED_SELECTOR = YES;
				GCC_WARN_UNINITIALIZED_AUTOS = YES_AGGRESSIVE;
				GCC_WARN_UNUSED_FUNCTION = YES;
				GCC_WARN_UNUSED_VARIABLE = YES;
				IPHONEOS_DEPLOYMENT_TARGET = 8.4;
				MTL_ENABLE_DEBUG_INFO = NO;
				SDKROOT = iphoneos;
				TARGETED_DEVICE_FAMILY = "1,2";
				VALIDATE_PRODUCT = YES;
			};
			name = Release;
		};
		C409AB351B5B0F2800EEF6D2 /* Debug */ = {
			isa = XCBuildConfiguration;
			buildSettings = {
				ASSETCATALOG_COMPILER_APPICON_NAME = AppIcon;
				INFOPLIST_FILE = "Rock Bottom/Info.plist";
				LD_RUNPATH_SEARCH_PATHS = "$(inherited) @executable_path/Frameworks";
				PRODUCT_NAME = "$(TARGET_NAME)";
			};
			name = Debug;
		};
		C409AB361B5B0F2800EEF6D2 /* Release */ = {
			isa = XCBuildConfiguration;
			buildSettings = {
				ASSETCATALOG_COMPILER_APPICON_NAME = AppIcon;
				INFOPLIST_FILE = "Rock Bottom/Info.plist";
				LD_RUNPATH_SEARCH_PATHS = "$(inherited) @executable_path/Frameworks";
				PRODUCT_NAME = "$(TARGET_NAME)";
			};
			name = Release;
		};
		C409AB381B5B0F2800EEF6D2 /* Debug */ = {
			isa = XCBuildConfiguration;
			buildSettings = {
				BUNDLE_LOADER = "$(TEST_HOST)";
				FRAMEWORK_SEARCH_PATHS = (
					"$(SDKROOT)/Developer/Library/Frameworks",
					"$(inherited)",
				);
				GCC_PREPROCESSOR_DEFINITIONS = (
					"DEBUG=1",
					"$(inherited)",
				);
				INFOPLIST_FILE = "Rock BottomTests/Info.plist";
				LD_RUNPATH_SEARCH_PATHS = "$(inherited) @executable_path/Frameworks @loader_path/Frameworks";
				PRODUCT_NAME = "$(TARGET_NAME)";
				TEST_HOST = "$(BUILT_PRODUCTS_DIR)/Rock Bottom.app/Rock Bottom";
			};
			name = Debug;
		};
		C409AB391B5B0F2800EEF6D2 /* Release */ = {
			isa = XCBuildConfiguration;
			buildSettings = {
				BUNDLE_LOADER = "$(TEST_HOST)";
				FRAMEWORK_SEARCH_PATHS = (
					"$(SDKROOT)/Developer/Library/Frameworks",
					"$(inherited)",
				);
				INFOPLIST_FILE = "Rock BottomTests/Info.plist";
				LD_RUNPATH_SEARCH_PATHS = "$(inherited) @executable_path/Frameworks @loader_path/Frameworks";
				PRODUCT_NAME = "$(TARGET_NAME)";
				TEST_HOST = "$(BUILT_PRODUCTS_DIR)/Rock Bottom.app/Rock Bottom";
			};
			name = Release;
		};
/* End XCBuildConfiguration section */

/* Begin XCConfigurationList section */
		C409AB101B5B0F2800EEF6D2 /* Build configuration list for PBXProject "Rock Bottom" */ = {
			isa = XCConfigurationList;
			buildConfigurations = (
				C409AB321B5B0F2800EEF6D2 /* Debug */,
				C409AB331B5B0F2800EEF6D2 /* Release */,
			);
			defaultConfigurationIsVisible = 0;
			defaultConfigurationName = Release;
		};
		C409AB341B5B0F2800EEF6D2 /* Build configuration list for PBXNativeTarget "Rock Bottom" */ = {
			isa = XCConfigurationList;
			buildConfigurations = (
				C409AB351B5B0F2800EEF6D2 /* Debug */,
				C409AB361B5B0F2800EEF6D2 /* Release */,
			);
			defaultConfigurationIsVisible = 0;
		};
		C409AB371B5B0F2800EEF6D2 /* Build configuration list for PBXNativeTarget "Rock BottomTests" */ = {
			isa = XCConfigurationList;
			buildConfigurations = (
				C409AB381B5B0F2800EEF6D2 /* Debug */,
				C409AB391B5B0F2800EEF6D2 /* Release */,
			);
			defaultConfigurationIsVisible = 0;
		};
/* End XCConfigurationList section */
	};
	rootObject = C409AB0D1B5B0F2800EEF6D2 /* Project object */;
}
